
Microsoft Visual Studio Solution File, Format Version 12.00
# Visual Studio Version 17
VisualStudioVersion = 17.14.36603.0
MinimumVisualStudioVersion = 10.0.40219.1
Project("{FAE04EC0-301F-11D3-BF4B-00C04F79EFBC}") = "razor-pages", "razor-pages\razor-pages.csproj", "{60AA46E4-8C9F-4C1F-BEBF-7A9D5894B628}"
EndProject
Global
	GlobalSection(SolutionConfigurationPlatforms) = preSolution
		Debug|Any CPU = Debug|Any CPU
		Release|Any CPU = Release|Any CPU
	EndGlobalSection
	GlobalSection(ProjectConfigurationPlatforms) = postSolution
		{60AA46E4-8C9F-4C1F-BEBF-7A9D5894B628}.Debug|Any CPU.ActiveCfg = Debug|Any CPU
		{60AA46E4-8C9F-4C1F-BEBF-7A9D5894B628}.Debug|Any CPU.Build.0 = Debug|Any CPU
		{60AA46E4-8C9F-4C1F-BEBF-7A9D5894B628}.Release|Any CPU.ActiveCfg = Release|Any CPU
		{60AA46E4-8C9F-4C1F-BEBF-7A9D5894B628}.Release|Any CPU.Build.0 = Release|Any CPU
	EndGlobalSection
	GlobalSection(SolutionProperties) = preSolution
		HideSolutionNode = FALSE
	EndGlobalSection
	GlobalSection(ExtensibilityGlobals) = postSolution
		SolutionGuid = {8973C5A7-50C4-4006-9A3A-70E3D09F457B}
	EndGlobalSection
EndGlobal
