
Microsoft Visual Studio Solution File, Format Version 12.00
# Visual Studio Version 17
VisualStudioVersion = 17.0.32112.339
MinimumVisualStudioVersion = 10.0.40219.1
Project("{FAE04EC0-301F-11D3-BF4B-00C04F79EFBC}") = "general", "general\general\general.csproj", "{2F63730C-48D6-4F37-8439-042982188420}"
EndProject
Global
	GlobalSection(SolutionConfigurationPlatforms) = preSolution
		Debug|Any CPU = Debug|Any CPU
		Release|Any CPU = Release|Any CPU
	EndGlobalSection
	GlobalSection(ProjectConfigurationPlatforms) = postSolution
		{2F63730C-48D6-4F37-8439-042982188420}.Debug|Any CPU.ActiveCfg = Debug|Any CPU
		{2F63730C-48D6-4F37-8439-042982188420}.Debug|Any CPU.Build.0 = Debug|Any CPU
		{2F63730C-48D6-4F37-8439-042982188420}.Release|Any CPU.ActiveCfg = Release|Any CPU
		{2F63730C-48D6-4F37-8439-042982188420}.Release|Any CPU.Build.0 = Release|Any CPU
	EndGlobalSection
	GlobalSection(SolutionProperties) = preSolution
		HideSolutionNode = FALSE
	EndGlobalSection
	GlobalSection(ExtensibilityGlobals) = postSolution
		SolutionGuid = {964AEABC-363A-4CFE-8F39-87D984F20CC8}
	EndGlobalSection
EndGlobal
